
Microsoft Visual Studio Solution File, Format Version 12.00
# Visual Studio Version 16
VisualStudioVersion = 16.0.29503.13
MinimumVisualStudioVersion = 10.0.40219.1
Project("{9A19103F-16F7-4668-BE54-9A1E7A4F7556}") = "WebApplication", "WebApplication.csproj", "{F2BE0B6B-67D0-4088-8DB9-A7FFE287BBBC}"
EndProject
Global
	GlobalSection(SolutionConfigurationPlatforms) = preSolution
		Debug|Any CPU = Debug|Any CPU
		Release|Any CPU = Release|Any CPU
	EndGlobalSection
	GlobalSection(ProjectConfigurationPlatforms) = postSolution
		{F2BE0B6B-67D0-4088-8DB9-A7FFE287BBBC}.Debug|Any CPU.ActiveCfg = Debug|Any CPU
		{F2BE0B6B-67D0-4088-8DB9-A7FFE287BBBC}.Debug|Any CPU.Build.0 = Debug|Any CPU
		{F2BE0B6B-67D0-4088-8DB9-A7FFE287BBBC}.Release|Any CPU.ActiveCfg = Release|Any CPU
		{F2BE0B6B-67D0-4088-8DB9-A7FFE287BBBC}.Release|Any CPU.Build.0 = Release|Any CPU
	EndGlobalSection
	GlobalSection(SolutionProperties) = preSolution
		HideSolutionNode = FALSE
	EndGlobalSection
	GlobalSection(ExtensibilityGlobals) = postSolution
		SolutionGuid = {A7C0D9C9-97B6-4CE5-A498-FE574A6400DA}
	EndGlobalSection
EndGlobal
