
Microsoft Visual Studio Solution File, Format Version 12.00
# Visual Studio Version 16
VisualStudioVersion = 16.0.29409.12
MinimumVisualStudioVersion = 10.0.40219.1
Project("{2150E333-8FDC-42A3-9474-1A3956D46DE8}") = "Solution Items", "Solution Items", "{C283F73D-2C4A-440A-9F7B-EAFBD1CDCCBC}"
EndProject
Project("{9A19103F-16F7-4668-BE54-9A1E7A4F7556}") = "UserAPI", "..\..\Backup_13\UserAPI _V7\UserAPI\UserAPI.csproj", "{9BB1949E-6530-4951-BAF7-3F8DF229A08C}"
EndProject
Project("{9A19103F-16F7-4668-BE54-9A1E7A4F7556}") = "CustomAPI_V4", "..\Bussiness Logic (Tier II)\CustomAPI_V4\CustomAPI_V4.csproj", "{713EF1D2-E982-4426-BC2B-712174359883}"
EndProject
Project("{9A19103F-16F7-4668-BE54-9A1E7A4F7556}") = "CompareIT_API", "..\Bussiness Logic (Tier II)\CompareIT_API\CompareIT_API.csproj", "{DA6BA0B9-55F8-4443-8421-F6591A2CB728}"
EndProject
Global
	GlobalSection(SolutionConfigurationPlatforms) = preSolution
		Debug|Any CPU = Debug|Any CPU
		Release|Any CPU = Release|Any CPU
	EndGlobalSection
	GlobalSection(ProjectConfigurationPlatforms) = postSolution
		{9BB1949E-6530-4951-BAF7-3F8DF229A08C}.Debug|Any CPU.ActiveCfg = Debug|Any CPU
		{9BB1949E-6530-4951-BAF7-3F8DF229A08C}.Debug|Any CPU.Build.0 = Debug|Any CPU
		{9BB1949E-6530-4951-BAF7-3F8DF229A08C}.Release|Any CPU.ActiveCfg = Release|Any CPU
		{9BB1949E-6530-4951-BAF7-3F8DF229A08C}.Release|Any CPU.Build.0 = Release|Any CPU
		{713EF1D2-E982-4426-BC2B-712174359883}.Debug|Any CPU.ActiveCfg = Debug|Any CPU
		{713EF1D2-E982-4426-BC2B-712174359883}.Debug|Any CPU.Build.0 = Debug|Any CPU
		{713EF1D2-E982-4426-BC2B-712174359883}.Release|Any CPU.ActiveCfg = Release|Any CPU
		{713EF1D2-E982-4426-BC2B-712174359883}.Release|Any CPU.Build.0 = Release|Any CPU
		{DA6BA0B9-55F8-4443-8421-F6591A2CB728}.Debug|Any CPU.ActiveCfg = Debug|Any CPU
		{DA6BA0B9-55F8-4443-8421-F6591A2CB728}.Debug|Any CPU.Build.0 = Debug|Any CPU
		{DA6BA0B9-55F8-4443-8421-F6591A2CB728}.Release|Any CPU.ActiveCfg = Release|Any CPU
		{DA6BA0B9-55F8-4443-8421-F6591A2CB728}.Release|Any CPU.Build.0 = Release|Any CPU
	EndGlobalSection
	GlobalSection(SolutionProperties) = preSolution
		HideSolutionNode = FALSE
	EndGlobalSection
	GlobalSection(NestedProjects) = preSolution
		{9BB1949E-6530-4951-BAF7-3F8DF229A08C} = {C283F73D-2C4A-440A-9F7B-EAFBD1CDCCBC}
		{713EF1D2-E982-4426-BC2B-712174359883} = {C283F73D-2C4A-440A-9F7B-EAFBD1CDCCBC}
		{DA6BA0B9-55F8-4443-8421-F6591A2CB728} = {C283F73D-2C4A-440A-9F7B-EAFBD1CDCCBC}
	EndGlobalSection
	GlobalSection(ExtensibilityGlobals) = postSolution
		SolutionGuid = {6FB4CCCA-DE33-4032-9450-28BE0F37BD96}
	EndGlobalSection
EndGlobal
