
Microsoft Visual Studio Solution File, Format Version 12.00
# Visual Studio Version 16
VisualStudioVersion = 16.0.29409.12
MinimumVisualStudioVersion = 10.0.40219.1
Project("{FAE04EC0-301F-11D3-BF4B-00C04F79EFBC}") = "ManagingUsers", "ManagingUsers.csproj", "{AEF5FB1D-6F9B-47F8-A133-1882119A2FEE}"
EndProject
Global
	GlobalSection(SolutionConfigurationPlatforms) = preSolution
		Debug|Any CPU = Debug|Any CPU
		Release|Any CPU = Release|Any CPU
	EndGlobalSection
	GlobalSection(ProjectConfigurationPlatforms) = postSolution
		{AEF5FB1D-6F9B-47F8-A133-1882119A2FEE}.Debug|Any CPU.ActiveCfg = Debug|Any CPU
		{AEF5FB1D-6F9B-47F8-A133-1882119A2FEE}.Debug|Any CPU.Build.0 = Debug|Any CPU
		{AEF5FB1D-6F9B-47F8-A133-1882119A2FEE}.Release|Any CPU.ActiveCfg = Release|Any CPU
		{AEF5FB1D-6F9B-47F8-A133-1882119A2FEE}.Release|Any CPU.Build.0 = Release|Any CPU
	EndGlobalSection
	GlobalSection(SolutionProperties) = preSolution
		HideSolutionNode = FALSE
	EndGlobalSection
	GlobalSection(ExtensibilityGlobals) = postSolution
		SolutionGuid = {0D131C94-F594-4245-850F-D7A5CEBD3928}
	EndGlobalSection
EndGlobal
